{
  "version": 4,
  "terraform_version": "1.5.2",
  "serial": 26,
  "lineage": "25e31e70-3f0f-7452-02e0-089f3b67f1d3",
  "outputs": {},
  "resources": [
    {
      "module": "module.automation",
      "mode": "managed",
      "type": "google_compute_address",
      "name": "ephemeral",
      "provider": "module.automation.provider[\"registry.terraform.io/hashicorp/google\"]",
      "instances": [
        {
          "schema_version": 0,
          "attributes": {
            "address": "34.88.12.192",
            "address_type": "EXTERNAL",
            "creation_timestamp": "2023-07-15T03:28:38.375-07:00",
            "description": "",
            "id": "projects/quickstart-terraform/regions/europe-north1/addresses/ephemeral-ip",
            "name": "ephemeral-ip",
            "network": "",
            "network_tier": "PREMIUM",
            "prefix_length": 0,
            "project": "quickstart-terraform",
            "purpose": "",
            "region": "europe-north1",
            "self_link": "https://www.googleapis.com/compute/v1/projects/quickstart-terraform/regions/europe-north1/addresses/ephemeral-ip",
            "subnetwork": "",
            "timeouts": null,
            "users": []
          },
          "sensitive_attributes": [],
          "private": "eyJlMmJmYjczMC1lY2FhLTExZTYtOGY4OC0zNDM2M2JjN2M0YzAiOnsiY3JlYXRlIjoxMjAwMDAwMDAwMDAwLCJkZWxldGUiOjEyMDAwMDAwMDAwMDB9fQ=="
        }
      ]
    },
    {
      "module": "module.automation",
      "mode": "managed",
      "type": "google_compute_instance",
      "name": "generic",
      "provider": "module.automation.provider[\"registry.terraform.io/hashicorp/google\"]",
      "instances": [
        {
          "index_key": "test-saltmaster01",
          "schema_version": 6,
          "attributes": {
            "advanced_machine_features": [],
            "allow_stopping_for_update": null,
            "attached_disk": [],
            "boot_disk": [
              {
                "auto_delete": true,
                "device_name": "persistent-disk-0",
                "disk_encryption_key_raw": "",
                "disk_encryption_key_sha256": "",
                "initialize_params": [
                  {
                    "image": "https://www.googleapis.com/compute/v1/projects/ubuntu-os-cloud/global/images/ubuntu-2204-jammy-v20230714",
                    "labels": {},
                    "resource_manager_tags": null,
                    "size": 20,
                    "type": "pd-standard"
                  }
                ],
                "kms_key_self_link": "",
                "mode": "READ_WRITE",
                "source": "https://www.googleapis.com/compute/v1/projects/quickstart-terraform/zones/europe-north1-a/disks/test-saltmaster01"
              }
            ],
            "can_ip_forward": false,
            "confidential_instance_config": [],
            "cpu_platform": "Intel Broadwell",
            "current_status": "RUNNING",
            "deletion_protection": false,
            "description": "",
            "desired_status": null,
            "enable_display": false,
            "guest_accelerator": [],
            "hostname": "",
            "id": "projects/quickstart-terraform/zones/europe-north1-a/instances/test-saltmaster01",
            "instance_id": "6009241454518454796",
            "label_fingerprint": "42WmSpB8rSM=",
            "labels": null,
            "machine_type": "e2-micro",
            "metadata": {
              "block-project-ssh-keys": "true"
            },
            "metadata_fingerprint": "FjQ49iDHkuU=",
            "metadata_startup_script": "#!/bin/bash\n\n# update, clean, upgrade\nsudo apt-get update ; sudo apt-get clean ; sudo apt-get upgrade -y\n\n# install python3\nsudo apt-get install python3 -y\n\n# install salt-master\nsudo apt-get install salt-master -y\n\n# add ssh key\nsudo mkdir -p /root/.ssh\n\nsudo echo \"ssh-rsa AAAAB3NzaC1yc2EAAAADAQABAAACAQC/TB/1qVDU0TB1AskDRHPIiFWkD8irkT2i7OGVEVUNL0OAJO3yVjmJvQgbpb5mEGoTXyXD2iq6lLFcULbUabutce0+Qdw4LOiIgc7JVpgtXSOXY5VfNd0x5Kv8QiCkMAFmIJY5PWOtYxIPyQX7FZ6doM1aEgVOup4L9Gc9rZj7Q7hsQOlUa44fjJvE7yIJjqAFFZeV/OsjikD02/YhaJf82t5YNe6730zrl4DR7oYsFFjrQ6UdC/kxvLJBQ1SGXLsOOxrdl+8otQj9AeXHaqxv+4MqQgyJx51Vt9YdJvxJmb+AydVQvBU2mOvxJfK907LBh59CTXqUwEZoGsJiztzwKLkYXIU0J2OqOi6vskNwJMIs2j2uMSbNBkT1UfIEJNk42MkOihcFeIdo9/OHNJGiDdAyys9rLaawVJ8hQIA1Mcw8+JEJYQpfnn/fnZeiSJhHhlUsKAomNmDlV9qWsny1sG+ixtpSOVU9PfuJ+0JvI0agVAwloPeBwxIQ2WjH+iPk4eFUUc1xhMxXoX/Rg3K1ZsUW1vxBDUWxr4D4LQvGQ5HP3320z5tl8dyAFd79QOCNKFG9vtoGcI1MXZioco4FSx9F8f/46x+AnCjwIQo7YfXydH0HZ1SS3Gy3aaMoF0GWn57nOKMGbqJWZmgJV/ZPROXFlOAPXyCioyMRP1vazw== tobias.andersson@X6NPK97HN2.local\n\" \u003e /root/.ssh/authorized_keys\n\n# restart ssh\nsudo systemctl ssh restart\n\n# enable and restart salt-master\nsudo systemctl enable salt-master ; sudo systemctl restart salt-master\n\n# echo salt-master ip\necho \"salt-master ip: $(hostname -I | awk '{print $1}')\"",
            "min_cpu_platform": "",
            "name": "test-saltmaster01",
            "network_interface": [
              {
                "access_config": [
                  {
                    "nat_ip": "34.88.12.192",
                    "network_tier": "PREMIUM",
                    "public_ptr_domain_name": ""
                  }
                ],
                "alias_ip_range": [],
                "ipv6_access_config": [],
                "ipv6_access_type": "",
                "name": "nic0",
                "network": "https://www.googleapis.com/compute/v1/projects/quickstart-terraform/global/networks/default",
                "network_ip": "10.166.0.13",
                "nic_type": "",
                "queue_count": 0,
                "stack_type": "IPV4_ONLY",
                "subnetwork": "https://www.googleapis.com/compute/v1/projects/quickstart-terraform/regions/europe-north1/subnetworks/default",
                "subnetwork_project": "quickstart-terraform"
              }
            ],
            "network_performance_config": [],
            "params": [],
            "project": "quickstart-terraform",
            "reservation_affinity": [],
            "resource_policies": null,
            "scheduling": [
              {
                "automatic_restart": true,
                "instance_termination_action": "",
                "min_node_cpus": 0,
                "node_affinities": [],
                "on_host_maintenance": "MIGRATE",
                "preemptible": false,
                "provisioning_model": "STANDARD"
              }
            ],
            "scratch_disk": [],
            "self_link": "https://www.googleapis.com/compute/v1/projects/quickstart-terraform/zones/europe-north1-a/instances/test-saltmaster01",
            "service_account": [],
            "shielded_instance_config": [
              {
                "enable_integrity_monitoring": true,
                "enable_secure_boot": false,
                "enable_vtpm": true
              }
            ],
            "tags": [
              "allow-salt-master",
              "default-allow-ssh"
            ],
            "tags_fingerprint": "MxqKbyItRII=",
            "timeouts": null,
            "zone": "europe-north1-a"
          },
          "sensitive_attributes": [],
          "private": "eyJlMmJmYjczMC1lY2FhLTExZTYtOGY4OC0zNDM2M2JjN2M0YzAiOnsiY3JlYXRlIjoxMjAwMDAwMDAwMDAwLCJkZWxldGUiOjEyMDAwMDAwMDAwMDAsInVwZGF0ZSI6MTIwMDAwMDAwMDAwMH0sInNjaGVtYV92ZXJzaW9uIjoiNiJ9",
          "dependencies": [
            "module.automation.google_compute_address.ephemeral"
          ]
        }
      ]
    }
  ],
  "check_results": null
}
